{
  "name": "nst",
  "version": "0.0.3",
  "lockfileVersion": 1,
  "requires": true,
  "dependencies": {
    "@types/node": {
      "version": "17.0.8",
      "resolved": "https://registry.npmjs.org/@types/node/-/node-17.0.8.tgz",
      "integrity": "sha512-YofkM6fGv4gDJq78g4j0mMuGMkZVxZDgtU0JRdx6FgiJDG+0fY0GKVolOV8WqVmEhLCXkQRjwDdKyPxJp/uucg==",
      "dev": true
    },
    "ncol": {
      "version": "0.0.7",
      "resolved": "https://registry.npmjs.org/ncol/-/ncol-0.0.7.tgz",
      "integrity": "sha512-i2FeQ6DTG8dCglxBCdZpfTcZb0Sj8vdIF68AuSf0JJfnmhQj7PvKj13pL8qdJLxTOp+vwXucyp7zEV6ViS5fjw=="
    },
    "ncommand": {
      "version": "0.0.7",
      "resolved": "https://registry.npmjs.org/ncommand/-/ncommand-0.0.7.tgz",
      "integrity": "sha512-MUJ0+BnSOSvOj7zXRkqtfxfN/ip4VTdb8frJ46/IX0h3xoSBF+puK6JcqOOydL4dPAtX1xuevzkFC+MVMM8uKw==",
      "requires": {
        "ncol": "0.0.7"
      }
    }
  }
}
